
Microsoft Visual Studio Solution File, Format Version 12.00
# Visual Studio Version 17
VisualStudioVersion = 17.7.34202.233
MinimumVisualStudioVersion = 10.0.40219.1
Project("{9A19103F-16F7-4668-BE54-9A1E7A4F7556}") = "BankAPI", "BankAPI\BankAPI.csproj", "{6B36E166-1953-4E67-8292-2FEE0C04D074}"
EndProject
Global
	GlobalSection(SolutionConfigurationPlatforms) = preSolution
		Debug|Any CPU = Debug|Any CPU
		Release|Any CPU = Release|Any CPU
	EndGlobalSection
	GlobalSection(ProjectConfigurationPlatforms) = postSolution
		{6B36E166-1953-4E67-8292-2FEE0C04D074}.Debug|Any CPU.ActiveCfg = Debug|Any CPU
		{6B36E166-1953-4E67-8292-2FEE0C04D074}.Debug|Any CPU.Build.0 = Debug|Any CPU
		{6B36E166-1953-4E67-8292-2FEE0C04D074}.Release|Any CPU.ActiveCfg = Release|Any CPU
		{6B36E166-1953-4E67-8292-2FEE0C04D074}.Release|Any CPU.Build.0 = Release|Any CPU
	EndGlobalSection
	GlobalSection(SolutionProperties) = preSolution
		HideSolutionNode = FALSE
	EndGlobalSection
	GlobalSection(ExtensibilityGlobals) = postSolution
		SolutionGuid = {7E20E0AE-F178-4D82-9AB7-1107C8AA2108}
	EndGlobalSection
EndGlobal
